dependencies:
- name: mongodb
  repository: https://charts.bitnami.com/bitnami
  version: 13.6.6
- name: users
  repository: ""
  version: 0.x.x
- name: movies
  repository: ""
  version: 0.x.x
- name: showtimes
  repository: ""
  version: 0.x.x
- name: bookings
  repository: ""
  version: 0.x.x
- name: website
  repository: ""
  version: 0.x.x
digest: sha256:566211e4e936e1b59851142c49b771320a4fa988064b5f77fa02c0882aa248a8
generated: "2023-01-29T22:20:15.302734+01:00"
